
Microsoft Visual Studio Solution File, Format Version 11.00
# Visual Studio 2010
Project("{F2A71F9B-5D33-465A-A702-920D77279786}") = "FsTetris", "FsTetris\FsTetris.fsproj", "{96166A05-9B5D-47FC-9E0E-812B51EBA772}"
EndProject
Global
	GlobalSection(SolutionConfigurationPlatforms) = preSolution
		Debug|x86 = Debug|x86
		Release|x86 = Release|x86
	EndGlobalSection
	GlobalSection(ProjectConfigurationPlatforms) = postSolution
		{96166A05-9B5D-47FC-9E0E-812B51EBA772}.Debug|x86.ActiveCfg = Debug|x86
		{96166A05-9B5D-47FC-9E0E-812B51EBA772}.Debug|x86.Build.0 = Debug|x86
		{96166A05-9B5D-47FC-9E0E-812B51EBA772}.Release|x86.ActiveCfg = Release|x86
		{96166A05-9B5D-47FC-9E0E-812B51EBA772}.Release|x86.Build.0 = Release|x86
	EndGlobalSection
	GlobalSection(SolutionProperties) = preSolution
		HideSolutionNode = FALSE
	EndGlobalSection
EndGlobal
